GEM
  remote: https://rubygems.org/
  specs:
    addressable (2.8.9)
      public_suffix (>= 2.0.2, < 8.0)
    bigdecimal (4.1.0)
    ffi (1.17.4-arm64-darwin)
    ffi (1.17.4-x86_64-darwin)
    ffi (1.17.4-x86_64-linux-gnu)
    ffi (1.17.4-x86_64-linux-musl)
    informers (1.2.1)
      onnxruntime (>= 0.9)
      tokenizers (>= 0.5.3)
    json-schema (6.2.0)
      addressable (~> 2.8)
      bigdecimal (>= 3.1, < 5)
    mcp (0.10.0)
      json-schema (>= 4.1)
    onnxruntime (0.11.1-arm64-darwin)
      ffi
    onnxruntime (0.11.1-x86_64-darwin)
      ffi
    onnxruntime (0.11.1-x86_64-linux)
      ffi
    power_assert (3.0.1)
    public_suffix (7.0.5)
    rake (13.3.1)
    sqlite-vec (0.1.8-arm64-darwin)
    sqlite-vec (0.1.8-x86_64-darwin)
    sqlite-vec (0.1.8-x86_64-linux)
    sqlite3 (2.9.2-arm64-darwin)
    sqlite3 (2.9.2-x86_64-darwin)
    sqlite3 (2.9.2-x86_64-linux-gnu)
    sqlite3 (2.9.2-x86_64-linux-musl)
    test-unit (3.7.7)
      power_assert
    tokenizers (0.6.3-arm64-darwin)
    tokenizers (0.6.3-x86_64-darwin)
    tokenizers (0.6.3-x86_64-linux)
    tokenizers (0.6.3-x86_64-linux-musl)

PLATFORMS
  arm64-darwin
  x86_64-darwin
  x86_64-linux
  x86_64-linux-gnu
  x86_64-linux-musl

DEPENDENCIES
  informers
  mcp
  rake
  sqlite-vec
  sqlite3
  test-unit

CHECKSUMS
  addressable (2.8.9) sha256=cc154fcbe689711808a43601dee7b980238ce54368d23e127421753e46895485
  bigdecimal (4.1.0) sha256=6dc07767aa3dc456ccd48e7ae70a07b474e9afd7c5bc576f80bd6da5c8dd6cae
  ffi (1.17.4-arm64-darwin) sha256=19071aaf1419251b0a46852abf960e77330a3b334d13a4ab51d58b31a937001b
  ffi (1.17.4-x86_64-darwin) sha256=aa70390523cf3235096cf64962b709b4cfbd5c082a2cb2ae714eb0fe2ccda496
  ffi (1.17.4-x86_64-linux-gnu) sha256=9d3db14c2eae074b382fa9c083fe95aec6e0a1451da249eab096c34002bc752d
  ffi (1.17.4-x86_64-linux-musl) sha256=3fdf9888483de005f8ef8d1cf2d3b20d86626af206cbf780f6a6a12439a9c49e
  informers (1.2.1) sha256=f686f745f640333b9cbfbb380fcdd62d48cff78b8fd9f33ec2dfed1b5d1ecf6e
  json-schema (6.2.0) sha256=e8bff46ed845a22c1ab2bd0d7eccf831c01fe23bb3920caa4c74db4306813666
  mcp (0.10.0) sha256=09b9231eb16dff75cc7b8a95817c8acfcf4d1cab8d34f350671e43e765242b57
  onnxruntime (0.11.1-arm64-darwin) sha256=6d205e1adfcb77f0330b46ea9dcd3da9199034408dd5f58d56afca8e70fb686c
  onnxruntime (0.11.1-x86_64-darwin) sha256=acdcbfbc937273fb27fd98587fde18199bb03dcd525f2da5324da42c97631eb9
  onnxruntime (0.11.1-x86_64-linux) sha256=90a47c9ab70103cdd4dd2b99b5179dfed909b44ceb77a1cf076e9dcff925079c
  power_assert (3.0.1) sha256=8ce9876716cc74e863fcd4cdcdc52d792bd983598d1af3447083a3a9a4d34103
  public_suffix (7.0.5) sha256=1a8bb08f1bbea19228d3bed6e5ed908d1cb4f7c2726d18bd9cadf60bc676f623
  rake (13.3.1) sha256=8c9e89d09f66a26a01264e7e3480ec0607f0c497a861ef16063604b1b08eb19c
  sqlite-vec (0.1.8-arm64-darwin) sha256=446f4a1137b7cda4e2762b4f1b08d1864e86fdb3da70b6dad3d690108dcaa7c7
  sqlite-vec (0.1.8-x86_64-darwin) sha256=11603640cb4c0631f1037c6eef18a75117763176428bbf5dc37d3fa44b0ff7e2
  sqlite-vec (0.1.8-x86_64-linux) sha256=46e4553406b1142dfda645d8ba3dfcf38c5fbef3733d52c2921af2598fbcfa33
  sqlite3 (2.9.2-arm64-darwin) sha256=d15bd9609a05f9d54930babe039585efc8cadd57517c15b64ec7dfa75158a5e9
  sqlite3 (2.9.2-x86_64-darwin) sha256=ed691b5021674d72582d03c5a38e89634b961902735fb6225273892805421d13
  sqlite3 (2.9.2-x86_64-linux-gnu) sha256=dce83ffcb7e72f9f7aeb6e5404f15d277a45332fe18ccce8a8b3ed51e8d23aee
  sqlite3 (2.9.2-x86_64-linux-musl) sha256=e8dd906a613f13b60f6d47ae9dda376384d9de1ab3f7e3f2fdf2fd18a871a2d7
  test-unit (3.7.7) sha256=3c89d5ff0690a16bef9946156c4624390402b9d54dfcf4ce9cbd5b06bead1e45
  tokenizers (0.6.3-arm64-darwin) sha256=29a6a5582dce106d846a906ee9e4254c12db45a3855c3ff6881d4be8be03e6b6
  tokenizers (0.6.3-x86_64-darwin) sha256=4b71386cc08ceff5f86b448c74b2b297c00a280a1d502399b6cda23ef94e01fd
  tokenizers (0.6.3-x86_64-linux) sha256=77a45cbde59daac33bdda1a74d45c18080478992a00ee7d898e7b8d15d0b3149
  tokenizers (0.6.3-x86_64-linux-musl) sha256=a4b08c53bf0c8f7674c3abd03e013f0bb7c0c2457174b116c2872a37c64f0297

RUBY VERSION
  ruby 4.0.1

BUNDLED WITH
  4.0.3
